{
  "pins" : [
    {
      "identity" : "swiftuitools",
      "kind" : "remoteSourceControl",
      "location" : "https://github.com/oliverepper/SwiftUITools",
      "state" : {
        "branch" : "main",
        "revision" : "705008484ee787049965a48084d373769ff14fcb"
      }
    }
  ],
  "version" : 2
}
