{
  "pins" : [
    {
      "identity" : "swiftuitools",
      "kind" : "remoteSourceControl",
      "location" : "https://github.com/oliverepper/SwiftUITools",
      "state" : {
        "branch" : "main",
        "revision" : "b4d9bd4de0d7c653ac847a2334f3e5c49086b425"
      }
    }
  ],
  "version" : 2
}
